
Microsoft Visual Studio Solution File, Format Version 12.00
# Visual Studio 15
VisualStudioVersion = 15.0.27130.2027
MinimumVisualStudioVersion = 10.0.40219.1
Project("{FAE04EC0-301F-11D3-BF4B-00C04F79EFBC}") = "BackupRestoreService", "BackupRestoreService\BackupRestoreService.csproj", "{56943C40-83AA-4756-8BE0-5A2EC786E35D}"
EndProject
Project("{FAE04EC0-301F-11D3-BF4B-00C04F79EFBC}") = "BackupRestoreService.Core", "BackupRestoreService.Core\BackupRestoreService.Core.csproj", "{673E7964-D00C-43DE-B541-9420C619FF2F}"
EndProject
Project("{FAE04EC0-301F-11D3-BF4B-00C04F79EFBC}") = "BackupRestoreService.Infrastrucute", "BackupRestoreService.Infrastrucute\BackupRestoreService.Infrastrucute.csproj", "{5D0E342B-337E-4953-855A-C5ADC7F348F4}"
EndProject
Global
	GlobalSection(SolutionConfigurationPlatforms) = preSolution
		Debug|Any CPU = Debug|Any CPU
		Release|Any CPU = Release|Any CPU
	EndGlobalSection
	GlobalSection(ProjectConfigurationPlatforms) = postSolution
		{56943C40-83AA-4756-8BE0-5A2EC786E35D}.Debug|Any CPU.ActiveCfg = Debug|Any CPU
		{56943C40-83AA-4756-8BE0-5A2EC786E35D}.Debug|Any CPU.Build.0 = Debug|Any CPU
		{56943C40-83AA-4756-8BE0-5A2EC786E35D}.Release|Any CPU.ActiveCfg = Release|Any CPU
		{56943C40-83AA-4756-8BE0-5A2EC786E35D}.Release|Any CPU.Build.0 = Release|Any CPU
		{673E7964-D00C-43DE-B541-9420C619FF2F}.Debug|Any CPU.ActiveCfg = Debug|Any CPU
		{673E7964-D00C-43DE-B541-9420C619FF2F}.Debug|Any CPU.Build.0 = Debug|Any CPU
		{673E7964-D00C-43DE-B541-9420C619FF2F}.Release|Any CPU.ActiveCfg = Release|Any CPU
		{673E7964-D00C-43DE-B541-9420C619FF2F}.Release|Any CPU.Build.0 = Release|Any CPU
		{5D0E342B-337E-4953-855A-C5ADC7F348F4}.Debug|Any CPU.ActiveCfg = Debug|Any CPU
		{5D0E342B-337E-4953-855A-C5ADC7F348F4}.Debug|Any CPU.Build.0 = Debug|Any CPU
		{5D0E342B-337E-4953-855A-C5ADC7F348F4}.Release|Any CPU.ActiveCfg = Release|Any CPU
		{5D0E342B-337E-4953-855A-C5ADC7F348F4}.Release|Any CPU.Build.0 = Release|Any CPU
	EndGlobalSection
	GlobalSection(SolutionProperties) = preSolution
		HideSolutionNode = FALSE
	EndGlobalSection
	GlobalSection(ExtensibilityGlobals) = postSolution
		SolutionGuid = {7EDC0029-9EE8-419D-8C11-CF78A7C2329E}
	EndGlobalSection
EndGlobal
